// !$*UTF8*$!
{
	archiveVersion = 1;
	classes = {
	};
	objectVersion = 46;
	objects = {

/* Begin PBXBuildFile section */
		0131985F17FE0E96000CFC07 /* CDDatePickerViewController.m in Sources */ = {isa = PBXBuildFile; fileRef = 0131985D17FE0E96000CFC07 /* CDDatePickerViewController.m */; };
		0131986017FE0E96000CFC07 /* CDDatePickerViewController.xib in Resources */ = {isa = PBXBuildFile; fileRef = 0131985E17FE0E96000CFC07 /* CDDatePickerViewController.xib */; };
		0188542717F9F3DD0081FC30 /* CDTableView.m in Sources */ = {isa = PBXBuildFile; fileRef = 0188542617F9F3DD0081FC30 /* CDTableView.m */; };
		0188542D17FA01D30081FC30 /* CDTableViewController.m in Sources */ = {isa = PBXBuildFile; fileRef = 0188542C17FA01D30081FC30 /* CDTableViewController.m */; };
		0188543317FA03AF0081FC30 /* BNRItem.m in Sources */ = {isa = PBXBuildFile; fileRef = 0188543017FA03AF0081FC30 /* BNRItem.m */; };
		0188543417FA03AF0081FC30 /* BNRItemStore.m in Sources */ = {isa = PBXBuildFile; fileRef = 0188543217FA03AF0081FC30 /* BNRItemStore.m */; };
		0188543917FA20B00081FC30 /* HeaderView.xib in Resources */ = {isa = PBXBuildFile; fileRef = 0188543717FA20B00081FC30 /* HeaderView.xib */; };
		0188543E17FA44F10081FC30 /* CDTaskViewController_iPad.xib in Resources */ = {isa = PBXBuildFile; fileRef = 0188543A17FA44F10081FC30 /* CDTaskViewController_iPad.xib */; };
		0188543F17FA44F10081FC30 /* CDTaskViewController_iPhone.xib in Resources */ = {isa = PBXBuildFile; fileRef = 0188543C17FA44F10081FC30 /* CDTaskViewController_iPhone.xib */; };
		0188544417FB26550081FC30 /* CDFirstViewController_iPad.xib in Resources */ = {isa = PBXBuildFile; fileRef = 0188544017FB26550081FC30 /* CDFirstViewController_iPad.xib */; };
		0188544517FB26550081FC30 /* CDFirstViewController_iPhone.xib in Resources */ = {isa = PBXBuildFile; fileRef = 0188544217FB26550081FC30 /* CDFirstViewController_iPhone.xib */; };
		01BC368C17E0D21800E3FB36 /* UIKit.framework in Frameworks */ = {isa = PBXBuildFile; fileRef = 01BC368B17E0D21800E3FB36 /* UIKit.framework */; };
		01BC368E17E0D21800E3FB36 /* Foundation.framework in Frameworks */ = {isa = PBXBuildFile; fileRef = 01BC368D17E0D21800E3FB36 /* Foundation.framework */; };
		01BC369017E0D21800E3FB36 /* CoreGraphics.framework in Frameworks */ = {isa = PBXBuildFile; fileRef = 01BC368F17E0D21800E3FB36 /* CoreGraphics.framework */; };
		01BC369617E0D21800E3FB36 /* InfoPlist.strings in Resources */ = {isa = PBXBuildFile; fileRef = 01BC369417E0D21800E3FB36 /* InfoPlist.strings */; };
		01BC369817E0D21800E3FB36 /* main.m in Sources */ = {isa = PBXBuildFile; fileRef = 01BC369717E0D21800E3FB36 /* main.m */; };
		01BC369C17E0D21800E3FB36 /* CDAppDelegate.m in Sources */ = {isa = PBXBuildFile; fileRef = 01BC369B17E0D21800E3FB36 /* CDAppDelegate.m */; };
		01BC369E17E0D21800E3FB36 /* Default.png in Resources */ = {isa = PBXBuildFile; fileRef = 01BC369D17E0D21800E3FB36 /* Default.png */; };
		01BC36A017E0D21800E3FB36 /* Default@2x.png in Resources */ = {isa = PBXBuildFile; fileRef = 01BC369F17E0D21800E3FB36 /* Default@2x.png */; };
		01BC36A217E0D21800E3FB36 /* Default-568h@2x.png in Resources */ = {isa = PBXBuildFile; fileRef = 01BC36A117E0D21800E3FB36 /* Default-568h@2x.png */; };
		01BC36A517E0D21800E3FB36 /* CDFirstViewController.m in Sources */ = {isa = PBXBuildFile; fileRef = 01BC36A417E0D21800E3FB36 /* CDFirstViewController.m */; };
		01BC36AC17E0D21800E3FB36 /* CDSecondViewController.m in Sources */ = {isa = PBXBuildFile; fileRef = 01BC36AB17E0D21800E3FB36 /* CDSecondViewController.m */; };
		01BC36CE17E0E33F00E3FB36 /* first.png in Resources */ = {isa = PBXBuildFile; fileRef = 01BC36C817E0E33F00E3FB36 /* first.png */; };
		01BC36CF17E0E33F00E3FB36 /* first@2x.png in Resources */ = {isa = PBXBuildFile; fileRef = 01BC36C917E0E33F00E3FB36 /* first@2x.png */; };
		01BC36D017E0E33F00E3FB36 /* second.png in Resources */ = {isa = PBXBuildFile; fileRef = 01BC36CA17E0E33F00E3FB36 /* second.png */; };
		01BC36D117E0E33F00E3FB36 /* second@2x.png in Resources */ = {isa = PBXBuildFile; fileRef = 01BC36CB17E0E33F00E3FB36 /* second@2x.png */; };
		01BC36E517E0E73F00E3FB36 /* CDTaskViewController.m in Sources */ = {isa = PBXBuildFile; fileRef = 01BC36E317E0E73F00E3FB36 /* CDTaskViewController.m */; };
		01EDFECB17FDC7AA009EFB32 /* CDTaskDetailViewController.m in Sources */ = {isa = PBXBuildFile; fileRef = 01EDFEC917FDC7A9009EFB32 /* CDTaskDetailViewController.m */; };
		01EDFECF17FDC7F3009EFB32 /* CDTaskDetailViewController.xib in Resources */ = {isa = PBXBuildFile; fileRef = 01EDFECD17FDC7F3009EFB32 /* CDTaskDetailViewController.xib */; };
/* End PBXBuildFile section */

/* Begin PBXFileReference section */
		0131985C17FE0E96000CFC07 /* CDDatePickerViewController.h */ = {isa = PBXFileReference; fileEncoding = 4; lastKnownFileType = sourcecode.c.h; path = CDDatePickerViewController.h; sourceTree = "<group>"; };
		0131985D17FE0E96000CFC07 /* CDDatePickerViewController.m */ = {isa = PBXFileReference; fileEncoding = 4; lastKnownFileType = sourcecode.c.objc; path = CDDatePickerViewController.m; sourceTree = "<group>"; };
		0131985E17FE0E96000CFC07 /* CDDatePickerViewController.xib */ = {isa = PBXFileReference; fileEncoding = 4; lastKnownFileType = file.xib; path = CDDatePickerViewController.xib; sourceTree = "<group>"; };
		0188542517F9F3DD0081FC30 /* CDTableView.h */ = {isa = PBXFileReference; fileEncoding = 4; lastKnownFileType = sourcecode.c.h; path = CDTableView.h; sourceTree = "<group>"; };
		0188542617F9F3DD0081FC30 /* CDTableView.m */ = {isa = PBXFileReference; fileEncoding = 4; lastKnownFileType = sourcecode.c.objc; path = CDTableView.m; sourceTree = "<group>"; };
		0188542B17FA01D30081FC30 /* CDTableViewController.h */ = {isa = PBXFileReference; fileEncoding = 4; lastKnownFileType = sourcecode.c.h; path = CDTableViewController.h; sourceTree = "<group>"; };
		0188542C17FA01D30081FC30 /* CDTableViewController.m */ = {isa = PBXFileReference; fileEncoding = 4; lastKnownFileType = sourcecode.c.objc; path = CDTableViewController.m; sourceTree = "<group>"; };
		0188542F17FA03AF0081FC30 /* BNRItem.h */ = {isa = PBXFileReference; fileEncoding = 4; lastKnownFileType = sourcecode.c.h; path = BNRItem.h; sourceTree = "<group>"; };
		0188543017FA03AF0081FC30 /* BNRItem.m */ = {isa = PBXFileReference; fileEncoding = 4; lastKnownFileType = sourcecode.c.objc; path = BNRItem.m; sourceTree = "<group>"; };
		0188543117FA03AF0081FC30 /* BNRItemStore.h */ = {isa = PBXFileReference; fileEncoding = 4; lastKnownFileType = sourcecode.c.h; path = BNRItemStore.h; sourceTree = "<group>"; };
		0188543217FA03AF0081FC30 /* BNRItemStore.m */ = {isa = PBXFileReference; fileEncoding = 4; lastKnownFileType = sourcecode.c.objc; path = BNRItemStore.m; sourceTree = "<group>"; };
		0188543817FA20B00081FC30 /* en */ = {isa = PBXFileReference; lastKnownFileType = file.xib; name = en; path = CheckItDone/en.lproj/HeaderView.xib; sourceTree = SOURCE_ROOT; };
		0188543B17FA44F10081FC30 /* en */ = {isa = PBXFileReference; lastKnownFileType = file.xib; name = en; path = CheckItDone/en.lproj/CDTaskViewController_iPad.xib; sourceTree = SOURCE_ROOT; };
		0188543D17FA44F10081FC30 /* en */ = {isa = PBXFileReference; lastKnownFileType = file.xib; name = en; path = CheckItDone/en.lproj/CDTaskViewController_iPhone.xib; sourceTree = SOURCE_ROOT; };
		0188544117FB26550081FC30 /* en */ = {isa = PBXFileReference; lastKnownFileType = file.xib; name = en; path = CheckItDone/en.lproj/CDFirstViewController_iPad.xib; sourceTree = SOURCE_ROOT; };
		0188544317FB26550081FC30 /* en */ = {isa = PBXFileReference; lastKnownFileType = file.xib; name = en; path = CheckItDone/en.lproj/CDFirstViewController_iPhone.xib; sourceTree = SOURCE_ROOT; };
		01BC368817E0D21800E3FB36 /* CheckItDone.app */ = {isa = PBXFileReference; explicitFileType = wrapper.application; includeInIndex = 0; path = CheckItDone.app; sourceTree = BUILT_PRODUCTS_DIR; };
		01BC368B17E0D21800E3FB36 /* UIKit.framework */ = {isa = PBXFileReference; lastKnownFileType = wrapper.framework; name = UIKit.framework; path = System/Library/Frameworks/UIKit.framework; sourceTree = SDKROOT; };
		01BC368D17E0D21800E3FB36 /* Foundation.framework */ = {isa = PBXFileReference; lastKnownFileType = wrapper.framework; name = Foundation.framework; path = System/Library/Frameworks/Foundation.framework; sourceTree = SDKROOT; };
		01BC368F17E0D21800E3FB36 /* CoreGraphics.framework */ = {isa = PBXFileReference; lastKnownFileType = wrapper.framework; name = CoreGraphics.framework; path = System/Library/Frameworks/CoreGraphics.framework; sourceTree = SDKROOT; };
		01BC369317E0D21800E3FB36 /* CheckItDone-Info.plist */ = {isa = PBXFileReference; lastKnownFileType = text.plist.xml; path = "CheckItDone-Info.plist"; sourceTree = "<group>"; };
		01BC369517E0D21800E3FB36 /* en */ = {isa = PBXFileReference; lastKnownFileType = text.plist.strings; name = en; path = en.lproj/InfoPlist.strings; sourceTree = "<group>"; };
		01BC369717E0D21800E3FB36 /* main.m */ = {isa = PBXFileReference; lastKnownFileType = sourcecode.c.objc; path = main.m; sourceTree = "<group>"; };
		01BC369917E0D21800E3FB36 /* CheckItDone-Prefix.pch */ = {isa = PBXFileReference; lastKnownFileType = sourcecode.c.h; path = "CheckItDone-Prefix.pch"; sourceTree = "<group>"; };
		01BC369A17E0D21800E3FB36 /* CDAppDelegate.h */ = {isa = PBXFileReference; lastKnownFileType = sourcecode.c.h; path = CDAppDelegate.h; sourceTree = "<group>"; };
		01BC369B17E0D21800E3FB36 /* CDAppDelegate.m */ = {isa = PBXFileReference; lastKnownFileType = sourcecode.c.objc; path = CDAppDelegate.m; sourceTree = "<group>"; };
		01BC369D17E0D21800E3FB36 /* Default.png */ = {isa = PBXFileReference; lastKnownFileType = image.png; path = Default.png; sourceTree = "<group>"; };
		01BC369F17E0D21800E3FB36 /* Default@2x.png */ = {isa = PBXFileReference; lastKnownFileType = image.png; path = "Default@2x.png"; sourceTree = "<group>"; };
		01BC36A117E0D21800E3FB36 /* Default-568h@2x.png */ = {isa = PBXFileReference; lastKnownFileType = image.png; path = "Default-568h@2x.png"; sourceTree = "<group>"; };
		01BC36A317E0D21800E3FB36 /* CDFirstViewController.h */ = {isa = PBXFileReference; lastKnownFileType = sourcecode.c.h; path = CDFirstViewController.h; sourceTree = "<group>"; };
		01BC36A417E0D21800E3FB36 /* CDFirstViewController.m */ = {isa = PBXFileReference; lastKnownFileType = sourcecode.c.objc; path = CDFirstViewController.m; sourceTree = "<group>"; };
		01BC36AA17E0D21800E3FB36 /* CDSecondViewController.h */ = {isa = PBXFileReference; lastKnownFileType = sourcecode.c.h; path = CDSecondViewController.h; sourceTree = "<group>"; };
		01BC36AB17E0D21800E3FB36 /* CDSecondViewController.m */ = {isa = PBXFileReference; lastKnownFileType = sourcecode.c.objc; path = CDSecondViewController.m; sourceTree = "<group>"; };
		01BC36C817E0E33F00E3FB36 /* first.png */ = {isa = PBXFileReference; lastKnownFileType = image.png; path = first.png; sourceTree = "<group>"; };
		01BC36C917E0E33F00E3FB36 /* first@2x.png */ = {isa = PBXFileReference; lastKnownFileType = image.png; path = "first@2x.png"; sourceTree = "<group>"; };
		01BC36CA17E0E33F00E3FB36 /* second.png */ = {isa = PBXFileReference; lastKnownFileType = image.png; path = second.png; sourceTree = "<group>"; };
		01BC36CB17E0E33F00E3FB36 /* second@2x.png */ = {isa = PBXFileReference; lastKnownFileType = image.png; path = "second@2x.png"; sourceTree = "<group>"; };
		01BC36E217E0E73F00E3FB36 /* CDTaskViewController.h */ = {isa = PBXFileReference; fileEncoding = 4; lastKnownFileType = sourcecode.c.h; path = CDTaskViewController.h; sourceTree = "<group>"; };
		01BC36E317E0E73F00E3FB36 /* CDTaskViewController.m */ = {isa = PBXFileReference; fileEncoding = 4; lastKnownFileType = sourcecode.c.objc; path = CDTaskViewController.m; sourceTree = "<group>"; };
		01EDFEC817FDC7A9009EFB32 /* CDTaskDetailViewController.h */ = {isa = PBXFileReference; fileEncoding = 4; lastKnownFileType = sourcecode.c.h; path = CDTaskDetailViewController.h; sourceTree = "<group>"; };
		01EDFEC917FDC7A9009EFB32 /* CDTaskDetailViewController.m */ = {isa = PBXFileReference; fileEncoding = 4; lastKnownFileType = sourcecode.c.objc; path = CDTaskDetailViewController.m; sourceTree = "<group>"; };
		01EDFECE17FDC7F3009EFB32 /* en */ = {isa = PBXFileReference; lastKnownFileType = file.xib; name = en; path = CheckItDone/en.lproj/CDTaskDetailViewController.xib; sourceTree = SOURCE_ROOT; };
/* End PBXFileReference section */

/* Begin PBXFrameworksBuildPhase section */
		01BC368517E0D21700E3FB36 /* Frameworks */ = {
			isa = PBXFrameworksBuildPhase;
			buildActionMask = 2147483647;
			files = (
				01BC368C17E0D21800E3FB36 /* UIKit.framework in Frameworks */,
				01BC368E17E0D21800E3FB36 /* Foundation.framework in Frameworks */,
				01BC369017E0D21800E3FB36 /* CoreGraphics.framework in Frameworks */,
			);
			runOnlyForDeploymentPostprocessing = 0;
		};
/* End PBXFrameworksBuildPhase section */

/* Begin PBXGroup section */
		0188542217F9F3560081FC30 /* Views */ = {
			isa = PBXGroup;
			children = (
				0188542517F9F3DD0081FC30 /* CDTableView.h */,
				0188542617F9F3DD0081FC30 /* CDTableView.m */,
			);
			path = Views;
			sourceTree = "<group>";
		};
		0188542A17FA00400081FC30 /* Controllers */ = {
			isa = PBXGroup;
			children = (
				0188542B17FA01D30081FC30 /* CDTableViewController.h */,
				0188542C17FA01D30081FC30 /* CDTableViewController.m */,
				01EDFEC817FDC7A9009EFB32 /* CDTaskDetailViewController.h */,
				01EDFEC917FDC7A9009EFB32 /* CDTaskDetailViewController.m */,
				0131985C17FE0E96000CFC07 /* CDDatePickerViewController.h */,
				0131985D17FE0E96000CFC07 /* CDDatePickerViewController.m */,
				0131985E17FE0E96000CFC07 /* CDDatePickerViewController.xib */,
			);
			path = Controllers;
			sourceTree = "<group>";
		};
		0188542E17FA02FB0081FC30 /* Models */ = {
			isa = PBXGroup;
			children = (
				0188542F17FA03AF0081FC30 /* BNRItem.h */,
				0188543017FA03AF0081FC30 /* BNRItem.m */,
				0188543117FA03AF0081FC30 /* BNRItemStore.h */,
				0188543217FA03AF0081FC30 /* BNRItemStore.m */,
			);
			path = Models;
			sourceTree = "<group>";
		};
		01BC367F17E0D21700E3FB36 = {
			isa = PBXGroup;
			children = (
				01BC369117E0D21800E3FB36 /* CheckItDone */,
				01BC368A17E0D21800E3FB36 /* Frameworks */,
				01BC368917E0D21800E3FB36 /* Products */,
			);
			sourceTree = "<group>";
		};
		01BC368917E0D21800E3FB36 /* Products */ = {
			isa = PBXGroup;
			children = (
				01BC368817E0D21800E3FB36 /* CheckItDone.app */,
			);
			name = Products;
			sourceTree = "<group>";
		};
		01BC368A17E0D21800E3FB36 /* Frameworks */ = {
			isa = PBXGroup;
			children = (
				01BC368B17E0D21800E3FB36 /* UIKit.framework */,
				01BC368D17E0D21800E3FB36 /* Foundation.framework */,
				01BC368F17E0D21800E3FB36 /* CoreGraphics.framework */,
			);
			name = Frameworks;
			sourceTree = "<group>";
		};
		01BC369117E0D21800E3FB36 /* CheckItDone */ = {
			isa = PBXGroup;
			children = (
				0188542A17FA00400081FC30 /* Controllers */,
				0188542E17FA02FB0081FC30 /* Models */,
				0188542217F9F3560081FC30 /* Views */,
				01BC369A17E0D21800E3FB36 /* CDAppDelegate.h */,
				01BC369B17E0D21800E3FB36 /* CDAppDelegate.m */,
				01BC36A317E0D21800E3FB36 /* CDFirstViewController.h */,
				01BC36A417E0D21800E3FB36 /* CDFirstViewController.m */,
				01BC36E217E0E73F00E3FB36 /* CDTaskViewController.h */,
				01BC36E317E0E73F00E3FB36 /* CDTaskViewController.m */,
				01BC36AA17E0D21800E3FB36 /* CDSecondViewController.h */,
				01BC36AB17E0D21800E3FB36 /* CDSecondViewController.m */,
				01BC36C617E0E33F00E3FB36 /* Resources */,
				01BC369217E0D21800E3FB36 /* Supporting Files */,
			);
			path = CheckItDone;
			sourceTree = "<group>";
		};
		01BC369217E0D21800E3FB36 /* Supporting Files */ = {
			isa = PBXGroup;
			children = (
				01BC369317E0D21800E3FB36 /* CheckItDone-Info.plist */,
				01BC369417E0D21800E3FB36 /* InfoPlist.strings */,
				01BC369717E0D21800E3FB36 /* main.m */,
				01BC369917E0D21800E3FB36 /* CheckItDone-Prefix.pch */,
				01BC369D17E0D21800E3FB36 /* Default.png */,
				01BC369F17E0D21800E3FB36 /* Default@2x.png */,
				01BC36A117E0D21800E3FB36 /* Default-568h@2x.png */,
			);
			name = "Supporting Files";
			sourceTree = "<group>";
		};
		01BC36C617E0E33F00E3FB36 /* Resources */ = {
			isa = PBXGroup;
			children = (
				01BC36C717E0E33F00E3FB36 /* Images */,
				01BC36CC17E0E33F00E3FB36 /* Xibs */,
			);
			path = Resources;
			sourceTree = "<group>";
		};
		01BC36C717E0E33F00E3FB36 /* Images */ = {
			isa = PBXGroup;
			children = (
				01BC36C817E0E33F00E3FB36 /* first.png */,
				01BC36C917E0E33F00E3FB36 /* first@2x.png */,
				01BC36CA17E0E33F00E3FB36 /* second.png */,
				01BC36CB17E0E33F00E3FB36 /* second@2x.png */,
			);
			path = Images;
			sourceTree = "<group>";
		};
		01BC36CC17E0E33F00E3FB36 /* Xibs */ = {
			isa = PBXGroup;
			children = (
				0188543717FA20B00081FC30 /* HeaderView.xib */,
				0188544017FB26550081FC30 /* CDFirstViewController_iPad.xib */,
				0188544217FB26550081FC30 /* CDFirstViewController_iPhone.xib */,
				01EDFECD17FDC7F3009EFB32 /* CDTaskDetailViewController.xib */,
				0188543A17FA44F10081FC30 /* CDTaskViewController_iPad.xib */,
				0188543C17FA44F10081FC30 /* CDTaskViewController_iPhone.xib */,
			);
			path = Xibs;
			sourceTree = "<group>";
		};
/* End PBXGroup section */

/* Begin PBXNativeTarget section */
		01BC368717E0D21700E3FB36 /* CheckItDone */ = {
			isa = PBXNativeTarget;
			buildConfigurationList = 01BC36BF17E0D21800E3FB36 /* Build configuration list for PBXNativeTarget "CheckItDone" */;
			buildPhases = (
				01BC368417E0D21700E3FB36 /* Sources */,
				01BC368517E0D21700E3FB36 /* Frameworks */,
				01BC368617E0D21700E3FB36 /* Resources */,
			);
			buildRules = (
			);
			dependencies = (
			);
			name = CheckItDone;
			productName = CheckItDone;
			productReference = 01BC368817E0D21800E3FB36 /* CheckItDone.app */;
			productType = "com.apple.product-type.application";
		};
/* End PBXNativeTarget section */

/* Begin PBXProject section */
		01BC368017E0D21700E3FB36 /* Project object */ = {
			isa = PBXProject;
			attributes = {
				CLASSPREFIX = CD;
				LastUpgradeCheck = 0460;
				ORGANIZATIONNAME = "Scott Richards";
				TargetAttributes = {
					01BC368717E0D21700E3FB36 = {
						DevelopmentTeam = KCL29RH4A8;
					};
				};
			};
			buildConfigurationList = 01BC368317E0D21700E3FB36 /* Build configuration list for PBXProject "CheckItDone" */;
			compatibilityVersion = "Xcode 3.2";
			developmentRegion = English;
			hasScannedForEncodings = 0;
			knownRegions = (
				en,
			);
			mainGroup = 01BC367F17E0D21700E3FB36;
			productRefGroup = 01BC368917E0D21800E3FB36 /* Products */;
			projectDirPath = "";
			projectRoot = "";
			targets = (
				01BC368717E0D21700E3FB36 /* CheckItDone */,
			);
		};
/* End PBXProject section */

/* Begin PBXResourcesBuildPhase section */
		01BC368617E0D21700E3FB36 /* Resources */ = {
			isa = PBXResourcesBuildPhase;
			buildActionMask = 2147483647;
			files = (
				01BC369617E0D21800E3FB36 /* InfoPlist.strings in Resources */,
				01BC369E17E0D21800E3FB36 /* Default.png in Resources */,
				01BC36A017E0D21800E3FB36 /* Default@2x.png in Resources */,
				01BC36A217E0D21800E3FB36 /* Default-568h@2x.png in Resources */,
				01BC36CE17E0E33F00E3FB36 /* first.png in Resources */,
				01BC36CF17E0E33F00E3FB36 /* first@2x.png in Resources */,
				01BC36D017E0E33F00E3FB36 /* second.png in Resources */,
				01BC36D117E0E33F00E3FB36 /* second@2x.png in Resources */,
				0188543917FA20B00081FC30 /* HeaderView.xib in Resources */,
				0188543E17FA44F10081FC30 /* CDTaskViewController_iPad.xib in Resources */,
				0188543F17FA44F10081FC30 /* CDTaskViewController_iPhone.xib in Resources */,
				0188544417FB26550081FC30 /* CDFirstViewController_iPad.xib in Resources */,
				0188544517FB26550081FC30 /* CDFirstViewController_iPhone.xib in Resources */,
				01EDFECF17FDC7F3009EFB32 /* CDTaskDetailViewController.xib in Resources */,
				0131986017FE0E96000CFC07 /* CDDatePickerViewController.xib in Resources */,
			);
			runOnlyForDeploymentPostprocessing = 0;
		};
/* End PBXResourcesBuildPhase section */

/* Begin PBXSourcesBuildPhase section */
		01BC368417E0D21700E3FB36 /* Sources */ = {
			isa = PBXSourcesBuildPhase;
			buildActionMask = 2147483647;
			files = (
				01BC369817E0D21800E3FB36 /* main.m in Sources */,
				01BC369C17E0D21800E3FB36 /* CDAppDelegate.m in Sources */,
				01BC36A517E0D21800E3FB36 /* CDFirstViewController.m in Sources */,
				01BC36AC17E0D21800E3FB36 /* CDSecondViewController.m in Sources */,
				01BC36E517E0E73F00E3FB36 /* CDTaskViewController.m in Sources */,
				0188542717F9F3DD0081FC30 /* CDTableView.m in Sources */,
				0188542D17FA01D30081FC30 /* CDTableViewController.m in Sources */,
				0188543317FA03AF0081FC30 /* BNRItem.m in Sources */,
				0188543417FA03AF0081FC30 /* BNRItemStore.m in Sources */,
				01EDFECB17FDC7AA009EFB32 /* CDTaskDetailViewController.m in Sources */,
				0131985F17FE0E96000CFC07 /* CDDatePickerViewController.m in Sources */,
			);
			runOnlyForDeploymentPostprocessing = 0;
		};
/* End PBXSourcesBuildPhase section */

/* Begin PBXVariantGroup section */
		0188543717FA20B00081FC30 /* HeaderView.xib */ = {
			isa = PBXVariantGroup;
			children = (
				0188543817FA20B00081FC30 /* en */,
			);
			name = HeaderView.xib;
			sourceTree = "<group>";
		};
		0188543A17FA44F10081FC30 /* CDTaskViewController_iPad.xib */ = {
			isa = PBXVariantGroup;
			children = (
				0188543B17FA44F10081FC30 /* en */,
			);
			name = CDTaskViewController_iPad.xib;
			sourceTree = "<group>";
		};
		0188543C17FA44F10081FC30 /* CDTaskViewController_iPhone.xib */ = {
			isa = PBXVariantGroup;
			children = (
				0188543D17FA44F10081FC30 /* en */,
			);
			name = CDTaskViewController_iPhone.xib;
			sourceTree = "<group>";
		};
		0188544017FB26550081FC30 /* CDFirstViewController_iPad.xib */ = {
			isa = PBXVariantGroup;
			children = (
				0188544117FB26550081FC30 /* en */,
			);
			name = CDFirstViewController_iPad.xib;
			sourceTree = "<group>";
		};
		0188544217FB26550081FC30 /* CDFirstViewController_iPhone.xib */ = {
			isa = PBXVariantGroup;
			children = (
				0188544317FB26550081FC30 /* en */,
			);
			name = CDFirstViewController_iPhone.xib;
			sourceTree = "<group>";
		};
		01BC369417E0D21800E3FB36 /* InfoPlist.strings */ = {
			isa = PBXVariantGroup;
			children = (
				01BC369517E0D21800E3FB36 /* en */,
			);
			name = InfoPlist.strings;
			sourceTree = "<group>";
		};
		01EDFECD17FDC7F3009EFB32 /* CDTaskDetailViewController.xib */ = {
			isa = PBXVariantGroup;
			children = (
				01EDFECE17FDC7F3009EFB32 /* en */,
			);
			name = CDTaskDetailViewController.xib;
			sourceTree = "<group>";
		};
/* End PBXVariantGroup section */

/* Begin XCBuildConfiguration section */
		01BC36BD17E0D21800E3FB36 /* Debug */ = {
			isa = XCBuildConfiguration;
			buildSettings = {
				ALWAYS_SEARCH_USER_PATHS = NO;
				CLANG_CXX_LANGUAGE_STANDARD = "gnu++0x";
				CLANG_CXX_LIBRARY = "libc++";
				CLANG_ENABLE_OBJC_ARC = YES;
				CLANG_WARN_CONSTANT_CONVERSION = YES;
				CLANG_WARN_EMPTY_BODY = YES;
				CLANG_WARN_ENUM_CONVERSION = YES;
				CLANG_WARN_INT_CONVERSION = YES;
				CLANG_WARN__DUPLICATE_METHOD_MATCH = YES;
				CODE_SIGN_IDENTITY = "iPhone Developer: Scott Richards (LSDP48E32L)";
				"CODE_SIGN_IDENTITY[sdk=iphoneos*]" = "iPhone Developer: Scott Richards (LSDP48E32L)";
				COPY_PHASE_STRIP = NO;
				GCC_C_LANGUAGE_STANDARD = gnu99;
				GCC_DYNAMIC_NO_PIC = NO;
				GCC_OPTIMIZATION_LEVEL = 0;
				GCC_PREPROCESSOR_DEFINITIONS = (
					"DEBUG=1",
					"$(inherited)",
				);
				GCC_SYMBOLS_PRIVATE_EXTERN = NO;
				GCC_WARN_ABOUT_RETURN_TYPE = YES;
				GCC_WARN_UNINITIALIZED_AUTOS = YES;
				GCC_WARN_UNUSED_VARIABLE = YES;
				IPHONEOS_DEPLOYMENT_TARGET = 6.1;
				ONLY_ACTIVE_ARCH = YES;
				PROVISIONING_PROFILE = "";
				"PROVISIONING_PROFILE[sdk=iphoneos*]" = "";
				SDKROOT = iphoneos;
				TARGETED_DEVICE_FAMILY = "1,2";
			};
			name = Debug;
		};
		01BC36BE17E0D21800E3FB36 /* Release */ = {
			isa = XCBuildConfiguration;
			buildSettings = {
				ALWAYS_SEARCH_USER_PATHS = NO;
				CLANG_CXX_LANGUAGE_STANDARD = "gnu++0x";
				CLANG_CXX_LIBRARY = "libc++";
				CLANG_ENABLE_OBJC_ARC = YES;
				CLANG_WARN_CONSTANT_CONVERSION = YES;
				CLANG_WARN_EMPTY_BODY = YES;
				CLANG_WARN_ENUM_CONVERSION = YES;
				CLANG_WARN_INT_CONVERSION = YES;
				CLANG_WARN__DUPLICATE_METHOD_MATCH = YES;
				"CODE_SIGN_IDENTITY[sdk=iphoneos*]" = "iPhone Developer";
				COPY_PHASE_STRIP = YES;
				GCC_C_LANGUAGE_STANDARD = gnu99;
				GCC_WARN_ABOUT_RETURN_TYPE = YES;
				GCC_WARN_UNINITIALIZED_AUTOS = YES;
				GCC_WARN_UNUSED_VARIABLE = YES;
				IPHONEOS_DEPLOYMENT_TARGET = 6.1;
				OTHER_CFLAGS = "-DNS_BLOCK_ASSERTIONS=1";
				SDKROOT = iphoneos;
				TARGETED_DEVICE_FAMILY = "1,2";
				VALIDATE_PRODUCT = YES;
			};
			name = Release;
		};
		01BC36C017E0D21800E3FB36 /* Debug */ = {
			isa = XCBuildConfiguration;
			buildSettings = {
				CODE_SIGN_IDENTITY = "iPhone Developer";
				"CODE_SIGN_IDENTITY[sdk=iphoneos*]" = "iPhone Developer";
				GCC_PRECOMPILE_PREFIX_HEADER = YES;
				GCC_PREFIX_HEADER = "CheckItDone/CheckItDone-Prefix.pch";
				INFOPLIST_FILE = "CheckItDone/CheckItDone-Info.plist";
				PRODUCT_NAME = "$(TARGET_NAME)";
				PROVISIONING_PROFILE = "";
				WRAPPER_EXTENSION = app;
			};
			name = Debug;
		};
		01BC36C117E0D21800E3FB36 /* Release */ = {
			isa = XCBuildConfiguration;
			buildSettings = {
				CODE_SIGN_IDENTITY = "iPhone Developer";
				"CODE_SIGN_IDENTITY[sdk=iphoneos*]" = "iPhone Developer";
				GCC_PRECOMPILE_PREFIX_HEADER = YES;
				GCC_PREFIX_HEADER = "CheckItDone/CheckItDone-Prefix.pch";
				INFOPLIST_FILE = "CheckItDone/CheckItDone-Info.plist";
				PRODUCT_NAME = "$(TARGET_NAME)";
				PROVISIONING_PROFILE = "";
				WRAPPER_EXTENSION = app;
			};
			name = Release;
		};
/* End XCBuildConfiguration section */

/* Begin XCConfigurationList section */
		01BC368317E0D21700E3FB36 /* Build configuration list for PBXProject "CheckItDone" */ = {
			isa = XCConfigurationList;
			buildConfigurations = (
				01BC36BD17E0D21800E3FB36 /* Debug */,
				01BC36BE17E0D21800E3FB36 /* Release */,
			);
			defaultConfigurationIsVisible = 0;
			defaultConfigurationName = Release;
		};
		01BC36BF17E0D21800E3FB36 /* Build configuration list for PBXNativeTarget "CheckItDone" */ = {
			isa = XCConfigurationList;
			buildConfigurations = (
				01BC36C017E0D21800E3FB36 /* Debug */,
				01BC36C117E0D21800E3FB36 /* Release */,
			);
			defaultConfigurationIsVisible = 0;
			defaultConfigurationName = Release;
		};
/* End XCConfigurationList section */
	};
	rootObject = 01BC368017E0D21700E3FB36 /* Project object */;
}
