// !$*UTF8*$!
{
	archiveVersion = 1;
	classes = {
	};
	objectVersion = 46;
	objects = {

/* Begin PBXBuildFile section */
		011288BD180EEA6300346C78 /* CoreData.framework in Frameworks */ = {isa = PBXBuildFile; fileRef = 011288BC180EEA6300346C78 /* CoreData.framework */; };
		011288C0180EEEF500346C78 /* DataModel.xcdatamodeld in Sources */ = {isa = PBXBuildFile; fileRef = 011288BE180EEEF400346C78 /* DataModel.xcdatamodeld */; };
		011288C3180EF4ED00346C78 /* CDTask.m in Sources */ = {isa = PBXBuildFile; fileRef = 011288C2180EF4EC00346C78 /* CDTask.m */; };
		011288C618105B1B00346C78 /* CDDataModel.m in Sources */ = {isa = PBXBuildFile; fileRef = 011288C518105B1A00346C78 /* CDDataModel.m */; };
		011288CF1811CA5900346C78 /* CDList.m in Sources */ = {isa = PBXBuildFile; fileRef = 011288CE1811CA5900346C78 /* CDList.m */; };
		0131985F17FE0E96000CFC07 /* CDDatePickerViewController.m in Sources */ = {isa = PBXBuildFile; fileRef = 0131985D17FE0E96000CFC07 /* CDDatePickerViewController.m */; };
		01350103182D7B55001EF6E8 /* uicheckbox_checked.png in Resources */ = {isa = PBXBuildFile; fileRef = 013500FF182D7B55001EF6E8 /* uicheckbox_checked.png */; };
		01350104182D7B55001EF6E8 /* uicheckbox_checked@2x.png in Resources */ = {isa = PBXBuildFile; fileRef = 01350100182D7B55001EF6E8 /* uicheckbox_checked@2x.png */; };
		01350105182D7B55001EF6E8 /* uicheckbox_unchecked.png in Resources */ = {isa = PBXBuildFile; fileRef = 01350101182D7B55001EF6E8 /* uicheckbox_unchecked.png */; };
		01350106182D7B55001EF6E8 /* uicheckbox_unchecked@2x.png in Resources */ = {isa = PBXBuildFile; fileRef = 01350102182D7B55001EF6E8 /* uicheckbox_unchecked@2x.png */; };
		01350109182D7B6F001EF6E8 /* UICheckbox.m in Sources */ = {isa = PBXBuildFile; fileRef = 01350108182D7B6F001EF6E8 /* UICheckbox.m */; };
		0168B8E5180784F700750A7F /* CDListViewController.m in Sources */ = {isa = PBXBuildFile; fileRef = 0168B8E4180784F700750A7F /* CDListViewController.m */; };
		0168B8E8180785CD00750A7F /* CDListStore.m in Sources */ = {isa = PBXBuildFile; fileRef = 0168B8E7180785CD00750A7F /* CDListStore.m */; };
		016B7CF01801CB8500CC0D95 /* CDTaskItemViewCell.xib in Resources */ = {isa = PBXBuildFile; fileRef = 016B7CEE1801CB8500CC0D95 /* CDTaskItemViewCell.xib */; };
		016B7CF51801EB6D00CC0D95 /* CDTaskItemViewCell.m in Sources */ = {isa = PBXBuildFile; fileRef = 016B7CF41801EB6D00CC0D95 /* CDTaskItemViewCell.m */; };
		0188542717F9F3DD0081FC30 /* CDTableView.m in Sources */ = {isa = PBXBuildFile; fileRef = 0188542617F9F3DD0081FC30 /* CDTableView.m */; };
		0188542D17FA01D30081FC30 /* CDTableViewController.m in Sources */ = {isa = PBXBuildFile; fileRef = 0188542C17FA01D30081FC30 /* CDTableViewController.m */; };
		0188543417FA03AF0081FC30 /* CDTaskStore.m in Sources */ = {isa = PBXBuildFile; fileRef = 0188543217FA03AF0081FC30 /* CDTaskStore.m */; };
		0188543917FA20B00081FC30 /* HeaderView.xib in Resources */ = {isa = PBXBuildFile; fileRef = 0188543717FA20B00081FC30 /* HeaderView.xib */; };
		01946B6C181588410041EA4B /* CDListNameViewController.m in Sources */ = {isa = PBXBuildFile; fileRef = 01946B6A181588410041EA4B /* CDListNameViewController.m */; };
		01946B70181588870041EA4B /* CDListNameViewController.xib in Resources */ = {isa = PBXBuildFile; fileRef = 01946B6E181588870041EA4B /* CDListNameViewController.xib */; };
		01946B721815C8800041EA4B /* edit@2x.png in Resources */ = {isa = PBXBuildFile; fileRef = 01946B711815C8800041EA4B /* edit@2x.png */; };
		01946B741815C8AB0041EA4B /* edit.png in Resources */ = {isa = PBXBuildFile; fileRef = 01946B731815C8AB0041EA4B /* edit.png */; };
		01BC368C17E0D21800E3FB36 /* UIKit.framework in Frameworks */ = {isa = PBXBuildFile; fileRef = 01BC368B17E0D21800E3FB36 /* UIKit.framework */; };
		01BC368E17E0D21800E3FB36 /* Foundation.framework in Frameworks */ = {isa = PBXBuildFile; fileRef = 01BC368D17E0D21800E3FB36 /* Foundation.framework */; };
		01BC369017E0D21800E3FB36 /* CoreGraphics.framework in Frameworks */ = {isa = PBXBuildFile; fileRef = 01BC368F17E0D21800E3FB36 /* CoreGraphics.framework */; };
		01BC369617E0D21800E3FB36 /* InfoPlist.strings in Resources */ = {isa = PBXBuildFile; fileRef = 01BC369417E0D21800E3FB36 /* InfoPlist.strings */; };
		01BC369817E0D21800E3FB36 /* main.m in Sources */ = {isa = PBXBuildFile; fileRef = 01BC369717E0D21800E3FB36 /* main.m */; };
		01BC369C17E0D21800E3FB36 /* CDAppDelegate.m in Sources */ = {isa = PBXBuildFile; fileRef = 01BC369B17E0D21800E3FB36 /* CDAppDelegate.m */; };
		01BC369E17E0D21800E3FB36 /* Default.png in Resources */ = {isa = PBXBuildFile; fileRef = 01BC369D17E0D21800E3FB36 /* Default.png */; };
		01BC36A017E0D21800E3FB36 /* Default@2x.png in Resources */ = {isa = PBXBuildFile; fileRef = 01BC369F17E0D21800E3FB36 /* Default@2x.png */; };
		01BC36A217E0D21800E3FB36 /* Default-568h@2x.png in Resources */ = {isa = PBXBuildFile; fileRef = 01BC36A117E0D21800E3FB36 /* Default-568h@2x.png */; };
		01BC36CE17E0E33F00E3FB36 /* first.png in Resources */ = {isa = PBXBuildFile; fileRef = 01BC36C817E0E33F00E3FB36 /* first.png */; };
		01BC36CF17E0E33F00E3FB36 /* first@2x.png in Resources */ = {isa = PBXBuildFile; fileRef = 01BC36C917E0E33F00E3FB36 /* first@2x.png */; };
		01BC36D017E0E33F00E3FB36 /* second.png in Resources */ = {isa = PBXBuildFile; fileRef = 01BC36CA17E0E33F00E3FB36 /* second.png */; };
		01BC36D117E0E33F00E3FB36 /* second@2x.png in Resources */ = {isa = PBXBuildFile; fileRef = 01BC36CB17E0E33F00E3FB36 /* second@2x.png */; };
		01C4088D18162BB8002260C7 /* CDDatePickerViewController.xib in Resources */ = {isa = PBXBuildFile; fileRef = 01C4088B18162BB8002260C7 /* CDDatePickerViewController.xib */; };
		01C4088F18162EB9002260C7 /* Add@2x.png in Resources */ = {isa = PBXBuildFile; fileRef = 01C4088E18162EB9002260C7 /* Add@2x.png */; };
		01C4089118162EEA002260C7 /* Edit_Pencil@2x.png in Resources */ = {isa = PBXBuildFile; fileRef = 01C4089018162EEA002260C7 /* Edit_Pencil@2x.png */; };
		01EDFECB17FDC7AA009EFB32 /* CDTaskDetailViewController.m in Sources */ = {isa = PBXBuildFile; fileRef = 01EDFEC917FDC7A9009EFB32 /* CDTaskDetailViewController.m */; };
		01EDFECF17FDC7F3009EFB32 /* CDTaskDetailViewController.xib in Resources */ = {isa = PBXBuildFile; fileRef = 01EDFECD17FDC7F3009EFB32 /* CDTaskDetailViewController.xib */; };
/* End PBXBuildFile section */

/* Begin PBXFileReference section */
		011288BC180EEA6300346C78 /* CoreData.framework */ = {isa = PBXFileReference; lastKnownFileType = wrapper.framework; name = CoreData.framework; path = System/Library/Frameworks/CoreData.framework; sourceTree = SDKROOT; };
		011288BF180EEEF500346C78 /* DataModel.xcdatamodel */ = {isa = PBXFileReference; lastKnownFileType = wrapper.xcdatamodel; path = DataModel.xcdatamodel; sourceTree = "<group>"; };
		011288C1180EF4EC00346C78 /* CDTask.h */ = {isa = PBXFileReference; fileEncoding = 4; lastKnownFileType = sourcecode.c.h; path = CDTask.h; sourceTree = "<group>"; };
		011288C2180EF4EC00346C78 /* CDTask.m */ = {isa = PBXFileReference; fileEncoding = 4; lastKnownFileType = sourcecode.c.objc; path = CDTask.m; sourceTree = "<group>"; };
		011288C418105B1A00346C78 /* CDDataModel.h */ = {isa = PBXFileReference; fileEncoding = 4; lastKnownFileType = sourcecode.c.h; path = CDDataModel.h; sourceTree = "<group>"; };
		011288C518105B1A00346C78 /* CDDataModel.m */ = {isa = PBXFileReference; fileEncoding = 4; lastKnownFileType = sourcecode.c.objc; path = CDDataModel.m; sourceTree = "<group>"; };
		011288CD1811CA5900346C78 /* CDList.h */ = {isa = PBXFileReference; fileEncoding = 4; lastKnownFileType = sourcecode.c.h; path = CDList.h; sourceTree = "<group>"; };
		011288CE1811CA5900346C78 /* CDList.m */ = {isa = PBXFileReference; fileEncoding = 4; lastKnownFileType = sourcecode.c.objc; path = CDList.m; sourceTree = "<group>"; };
		0131985C17FE0E96000CFC07 /* CDDatePickerViewController.h */ = {isa = PBXFileReference; fileEncoding = 4; lastKnownFileType = sourcecode.c.h; path = CDDatePickerViewController.h; sourceTree = "<group>"; };
		0131985D17FE0E96000CFC07 /* CDDatePickerViewController.m */ = {isa = PBXFileReference; fileEncoding = 4; lastKnownFileType = sourcecode.c.objc; path = CDDatePickerViewController.m; sourceTree = "<group>"; };
		013500FF182D7B55001EF6E8 /* uicheckbox_checked.png */ = {isa = PBXFileReference; lastKnownFileType = image.png; path = uicheckbox_checked.png; sourceTree = "<group>"; };
		01350100182D7B55001EF6E8 /* uicheckbox_checked@2x.png */ = {isa = PBXFileReference; lastKnownFileType = image.png; path = "uicheckbox_checked@2x.png"; sourceTree = "<group>"; };
		01350101182D7B55001EF6E8 /* uicheckbox_unchecked.png */ = {isa = PBXFileReference; lastKnownFileType = image.png; path = uicheckbox_unchecked.png; sourceTree = "<group>"; };
		01350102182D7B55001EF6E8 /* uicheckbox_unchecked@2x.png */ = {isa = PBXFileReference; lastKnownFileType = image.png; path = "uicheckbox_unchecked@2x.png"; sourceTree = "<group>"; };
		01350107182D7B6F001EF6E8 /* UICheckbox.h */ = {isa = PBXFileReference; fileEncoding = 4; lastKnownFileType = sourcecode.c.h; path = UICheckbox.h; sourceTree = "<group>"; };
		01350108182D7B6F001EF6E8 /* UICheckbox.m */ = {isa = PBXFileReference; fileEncoding = 4; lastKnownFileType = sourcecode.c.objc; path = UICheckbox.m; sourceTree = "<group>"; };
		0168B8E3180784F700750A7F /* CDListViewController.h */ = {isa = PBXFileReference; fileEncoding = 4; lastKnownFileType = sourcecode.c.h; path = CDListViewController.h; sourceTree = "<group>"; };
		0168B8E4180784F700750A7F /* CDListViewController.m */ = {isa = PBXFileReference; fileEncoding = 4; lastKnownFileType = sourcecode.c.objc; path = CDListViewController.m; sourceTree = "<group>"; };
		0168B8E6180785CD00750A7F /* CDListStore.h */ = {isa = PBXFileReference; fileEncoding = 4; lastKnownFileType = sourcecode.c.h; path = CDListStore.h; sourceTree = "<group>"; };
		0168B8E7180785CD00750A7F /* CDListStore.m */ = {isa = PBXFileReference; fileEncoding = 4; lastKnownFileType = sourcecode.c.objc; path = CDListStore.m; sourceTree = "<group>"; };
		016B7CEF1801CB8500CC0D95 /* en */ = {isa = PBXFileReference; lastKnownFileType = file.xib; name = en; path = CheckItDone/en.lproj/CDTaskItemViewCell.xib; sourceTree = SOURCE_ROOT; };
		016B7CF31801EB6D00CC0D95 /* CDTaskItemViewCell.h */ = {isa = PBXFileReference; fileEncoding = 4; lastKnownFileType = sourcecode.c.h; path = CDTaskItemViewCell.h; sourceTree = "<group>"; };
		016B7CF41801EB6D00CC0D95 /* CDTaskItemViewCell.m */ = {isa = PBXFileReference; fileEncoding = 4; lastKnownFileType = sourcecode.c.objc; path = CDTaskItemViewCell.m; sourceTree = "<group>"; };
		0188542517F9F3DD0081FC30 /* CDTableView.h */ = {isa = PBXFileReference; fileEncoding = 4; lastKnownFileType = sourcecode.c.h; path = CDTableView.h; sourceTree = "<group>"; };
		0188542617F9F3DD0081FC30 /* CDTableView.m */ = {isa = PBXFileReference; fileEncoding = 4; lastKnownFileType = sourcecode.c.objc; path = CDTableView.m; sourceTree = "<group>"; };
		0188542B17FA01D30081FC30 /* CDTableViewController.h */ = {isa = PBXFileReference; fileEncoding = 4; lastKnownFileType = sourcecode.c.h; path = CDTableViewController.h; sourceTree = "<group>"; };
		0188542C17FA01D30081FC30 /* CDTableViewController.m */ = {isa = PBXFileReference; fileEncoding = 4; lastKnownFileType = sourcecode.c.objc; path = CDTableViewController.m; sourceTree = "<group>"; };
		0188543117FA03AF0081FC30 /* CDTaskStore.h */ = {isa = PBXFileReference; fileEncoding = 4; lastKnownFileType = sourcecode.c.h; path = CDTaskStore.h; sourceTree = "<group>"; };
		0188543217FA03AF0081FC30 /* CDTaskStore.m */ = {isa = PBXFileReference; fileEncoding = 4; lastKnownFileType = sourcecode.c.objc; path = CDTaskStore.m; sourceTree = "<group>"; };
		0188543817FA20B00081FC30 /* en */ = {isa = PBXFileReference; lastKnownFileType = file.xib; name = en; path = CheckItDone/en.lproj/HeaderView.xib; sourceTree = SOURCE_ROOT; };
		01946B69181588410041EA4B /* CDListNameViewController.h */ = {isa = PBXFileReference; fileEncoding = 4; lastKnownFileType = sourcecode.c.h; path = CDListNameViewController.h; sourceTree = "<group>"; };
		01946B6A181588410041EA4B /* CDListNameViewController.m */ = {isa = PBXFileReference; fileEncoding = 4; lastKnownFileType = sourcecode.c.objc; path = CDListNameViewController.m; sourceTree = "<group>"; };
		01946B6F181588870041EA4B /* en */ = {isa = PBXFileReference; lastKnownFileType = file.xib; name = en; path = CheckItDone/en.lproj/CDListNameViewController.xib; sourceTree = SOURCE_ROOT; };
		01946B711815C8800041EA4B /* edit@2x.png */ = {isa = PBXFileReference; lastKnownFileType = image.png; path = "edit@2x.png"; sourceTree = "<group>"; };
		01946B731815C8AB0041EA4B /* edit.png */ = {isa = PBXFileReference; lastKnownFileType = image.png; path = edit.png; sourceTree = "<group>"; };
		01BC368817E0D21800E3FB36 /* CheckItDone.app */ = {isa = PBXFileReference; explicitFileType = wrapper.application; includeInIndex = 0; path = CheckItDone.app; sourceTree = BUILT_PRODUCTS_DIR; };
		01BC368B17E0D21800E3FB36 /* UIKit.framework */ = {isa = PBXFileReference; lastKnownFileType = wrapper.framework; name = UIKit.framework; path = System/Library/Frameworks/UIKit.framework; sourceTree = SDKROOT; };
		01BC368D17E0D21800E3FB36 /* Foundation.framework */ = {isa = PBXFileReference; lastKnownFileType = wrapper.framework; name = Foundation.framework; path = System/Library/Frameworks/Foundation.framework; sourceTree = SDKROOT; };
		01BC368F17E0D21800E3FB36 /* CoreGraphics.framework */ = {isa = PBXFileReference; lastKnownFileType = wrapper.framework; name = CoreGraphics.framework; path = System/Library/Frameworks/CoreGraphics.framework; sourceTree = SDKROOT; };
		01BC369317E0D21800E3FB36 /* CheckItDone-Info.plist */ = {isa = PBXFileReference; lastKnownFileType = text.plist.xml; path = "CheckItDone-Info.plist"; sourceTree = "<group>"; };
		01BC369517E0D21800E3FB36 /* en */ = {isa = PBXFileReference; lastKnownFileType = text.plist.strings; name = en; path = en.lproj/InfoPlist.strings; sourceTree = "<group>"; };
		01BC369717E0D21800E3FB36 /* main.m */ = {isa = PBXFileReference; lastKnownFileType = sourcecode.c.objc; path = main.m; sourceTree = "<group>"; };
		01BC369917E0D21800E3FB36 /* CheckItDone-Prefix.pch */ = {isa = PBXFileReference; lastKnownFileType = sourcecode.c.h; path = "CheckItDone-Prefix.pch"; sourceTree = "<group>"; };
		01BC369A17E0D21800E3FB36 /* CDAppDelegate.h */ = {isa = PBXFileReference; lastKnownFileType = sourcecode.c.h; path = CDAppDelegate.h; sourceTree = "<group>"; };
		01BC369B17E0D21800E3FB36 /* CDAppDelegate.m */ = {isa = PBXFileReference; lastKnownFileType = sourcecode.c.objc; path = CDAppDelegate.m; sourceTree = "<group>"; };
		01BC369D17E0D21800E3FB36 /* Default.png */ = {isa = PBXFileReference; lastKnownFileType = image.png; path = Default.png; sourceTree = "<group>"; };
		01BC369F17E0D21800E3FB36 /* Default@2x.png */ = {isa = PBXFileReference; lastKnownFileType = image.png; path = "Default@2x.png"; sourceTree = "<group>"; };
		01BC36A117E0D21800E3FB36 /* Default-568h@2x.png */ = {isa = PBXFileReference; lastKnownFileType = image.png; path = "Default-568h@2x.png"; sourceTree = "<group>"; };
		01BC36C817E0E33F00E3FB36 /* first.png */ = {isa = PBXFileReference; lastKnownFileType = image.png; path = first.png; sourceTree = "<group>"; };
		01BC36C917E0E33F00E3FB36 /* first@2x.png */ = {isa = PBXFileReference; lastKnownFileType = image.png; path = "first@2x.png"; sourceTree = "<group>"; };
		01BC36CA17E0E33F00E3FB36 /* second.png */ = {isa = PBXFileReference; lastKnownFileType = image.png; path = second.png; sourceTree = "<group>"; };
		01BC36CB17E0E33F00E3FB36 /* second@2x.png */ = {isa = PBXFileReference; lastKnownFileType = image.png; path = "second@2x.png"; sourceTree = "<group>"; };
		01C4088C18162BB8002260C7 /* en */ = {isa = PBXFileReference; lastKnownFileType = file.xib; name = en; path = CheckItDone/en.lproj/CDDatePickerViewController.xib; sourceTree = SOURCE_ROOT; };
		01C4088E18162EB9002260C7 /* Add@2x.png */ = {isa = PBXFileReference; lastKnownFileType = image.png; path = "Add@2x.png"; sourceTree = "<group>"; };
		01C4089018162EEA002260C7 /* Edit_Pencil@2x.png */ = {isa = PBXFileReference; lastKnownFileType = image.png; path = "Edit_Pencil@2x.png"; sourceTree = "<group>"; };
		01EDFEC817FDC7A9009EFB32 /* CDTaskDetailViewController.h */ = {isa = PBXFileReference; fileEncoding = 4; lastKnownFileType = sourcecode.c.h; path = CDTaskDetailViewController.h; sourceTree = "<group>"; };
		01EDFEC917FDC7A9009EFB32 /* CDTaskDetailViewController.m */ = {isa = PBXFileReference; fileEncoding = 4; lastKnownFileType = sourcecode.c.objc; path = CDTaskDetailViewController.m; sourceTree = "<group>"; };
		01EDFECE17FDC7F3009EFB32 /* en */ = {isa = PBXFileReference; lastKnownFileType = file.xib; name = en; path = CheckItDone/en.lproj/CDTaskDetailViewController.xib; sourceTree = SOURCE_ROOT; };
/* End PBXFileReference section */

/* Begin PBXFrameworksBuildPhase section */
		01BC368517E0D21700E3FB36 /* Frameworks */ = {
			isa = PBXFrameworksBuildPhase;
			buildActionMask = 2147483647;
			files = (
				011288BD180EEA6300346C78 /* CoreData.framework in Frameworks */,
				01BC368C17E0D21800E3FB36 /* UIKit.framework in Frameworks */,
				01BC368E17E0D21800E3FB36 /* Foundation.framework in Frameworks */,
				01BC369017E0D21800E3FB36 /* CoreGraphics.framework in Frameworks */,
			);
			runOnlyForDeploymentPostprocessing = 0;
		};
/* End PBXFrameworksBuildPhase section */

/* Begin PBXGroup section */
		0188542217F9F3560081FC30 /* Views */ = {
			isa = PBXGroup;
			children = (
				0188542517F9F3DD0081FC30 /* CDTableView.h */,
				0188542617F9F3DD0081FC30 /* CDTableView.m */,
				016B7CF31801EB6D00CC0D95 /* CDTaskItemViewCell.h */,
				016B7CF41801EB6D00CC0D95 /* CDTaskItemViewCell.m */,
				01350107182D7B6F001EF6E8 /* UICheckbox.h */,
				01350108182D7B6F001EF6E8 /* UICheckbox.m */,
			);
			path = Views;
			sourceTree = "<group>";
		};
		0188542A17FA00400081FC30 /* Controllers */ = {
			isa = PBXGroup;
			children = (
				0131985C17FE0E96000CFC07 /* CDDatePickerViewController.h */,
				0131985D17FE0E96000CFC07 /* CDDatePickerViewController.m */,
				0168B8E3180784F700750A7F /* CDListViewController.h */,
				0168B8E4180784F700750A7F /* CDListViewController.m */,
				0188542B17FA01D30081FC30 /* CDTableViewController.h */,
				0188542C17FA01D30081FC30 /* CDTableViewController.m */,
				01EDFEC817FDC7A9009EFB32 /* CDTaskDetailViewController.h */,
				01EDFEC917FDC7A9009EFB32 /* CDTaskDetailViewController.m */,
				01946B69181588410041EA4B /* CDListNameViewController.h */,
				01946B6A181588410041EA4B /* CDListNameViewController.m */,
			);
			path = Controllers;
			sourceTree = "<group>";
		};
		0188542E17FA02FB0081FC30 /* Models */ = {
			isa = PBXGroup;
			children = (
				0168B8E6180785CD00750A7F /* CDListStore.h */,
				0168B8E7180785CD00750A7F /* CDListStore.m */,
				011288C1180EF4EC00346C78 /* CDTask.h */,
				011288C2180EF4EC00346C78 /* CDTask.m */,
				0188543117FA03AF0081FC30 /* CDTaskStore.h */,
				0188543217FA03AF0081FC30 /* CDTaskStore.m */,
				011288BE180EEEF400346C78 /* DataModel.xcdatamodeld */,
				011288CD1811CA5900346C78 /* CDList.h */,
				011288CE1811CA5900346C78 /* CDList.m */,
				011288C418105B1A00346C78 /* CDDataModel.h */,
				011288C518105B1A00346C78 /* CDDataModel.m */,
			);
			path = Models;
			sourceTree = "<group>";
		};
		01BC367F17E0D21700E3FB36 = {
			isa = PBXGroup;
			children = (
				011288BC180EEA6300346C78 /* CoreData.framework */,
				01BC369117E0D21800E3FB36 /* CheckItDone */,
				01BC368A17E0D21800E3FB36 /* Frameworks */,
				01BC368917E0D21800E3FB36 /* Products */,
			);
			sourceTree = "<group>";
		};
		01BC368917E0D21800E3FB36 /* Products */ = {
			isa = PBXGroup;
			children = (
				01BC368817E0D21800E3FB36 /* CheckItDone.app */,
			);
			name = Products;
			sourceTree = "<group>";
		};
		01BC368A17E0D21800E3FB36 /* Frameworks */ = {
			isa = PBXGroup;
			children = (
				01BC368B17E0D21800E3FB36 /* UIKit.framework */,
				01BC368D17E0D21800E3FB36 /* Foundation.framework */,
				01BC368F17E0D21800E3FB36 /* CoreGraphics.framework */,
			);
			name = Frameworks;
			sourceTree = "<group>";
		};
		01BC369117E0D21800E3FB36 /* CheckItDone */ = {
			isa = PBXGroup;
			children = (
				0188542A17FA00400081FC30 /* Controllers */,
				0188542E17FA02FB0081FC30 /* Models */,
				0188542217F9F3560081FC30 /* Views */,
				01BC369A17E0D21800E3FB36 /* CDAppDelegate.h */,
				01BC369B17E0D21800E3FB36 /* CDAppDelegate.m */,
				01BC36C617E0E33F00E3FB36 /* Resources */,
				01BC369217E0D21800E3FB36 /* Supporting Files */,
			);
			path = CheckItDone;
			sourceTree = "<group>";
		};
		01BC369217E0D21800E3FB36 /* Supporting Files */ = {
			isa = PBXGroup;
			children = (
				01BC369317E0D21800E3FB36 /* CheckItDone-Info.plist */,
				01BC369417E0D21800E3FB36 /* InfoPlist.strings */,
				01BC369717E0D21800E3FB36 /* main.m */,
				01BC369917E0D21800E3FB36 /* CheckItDone-Prefix.pch */,
				01BC369D17E0D21800E3FB36 /* Default.png */,
				01BC369F17E0D21800E3FB36 /* Default@2x.png */,
				01BC36A117E0D21800E3FB36 /* Default-568h@2x.png */,
			);
			name = "Supporting Files";
			sourceTree = "<group>";
		};
		01BC36C617E0E33F00E3FB36 /* Resources */ = {
			isa = PBXGroup;
			children = (
				01BC36C717E0E33F00E3FB36 /* Images */,
				01BC36CC17E0E33F00E3FB36 /* Xibs */,
			);
			path = Resources;
			sourceTree = "<group>";
		};
		01BC36C717E0E33F00E3FB36 /* Images */ = {
			isa = PBXGroup;
			children = (
				013500FF182D7B55001EF6E8 /* uicheckbox_checked.png */,
				01350100182D7B55001EF6E8 /* uicheckbox_checked@2x.png */,
				01350101182D7B55001EF6E8 /* uicheckbox_unchecked.png */,
				01350102182D7B55001EF6E8 /* uicheckbox_unchecked@2x.png */,
				01C4088E18162EB9002260C7 /* Add@2x.png */,
				01C4089018162EEA002260C7 /* Edit_Pencil@2x.png */,
				01946B731815C8AB0041EA4B /* edit.png */,
				01BC36C817E0E33F00E3FB36 /* first.png */,
				01946B711815C8800041EA4B /* edit@2x.png */,
				01BC36C917E0E33F00E3FB36 /* first@2x.png */,
				01BC36CA17E0E33F00E3FB36 /* second.png */,
				01BC36CB17E0E33F00E3FB36 /* second@2x.png */,
			);
			path = Images;
			sourceTree = "<group>";
		};
		01BC36CC17E0E33F00E3FB36 /* Xibs */ = {
			isa = PBXGroup;
			children = (
				01C4088B18162BB8002260C7 /* CDDatePickerViewController.xib */,
				01946B6E181588870041EA4B /* CDListNameViewController.xib */,
				01EDFECD17FDC7F3009EFB32 /* CDTaskDetailViewController.xib */,
				016B7CEE1801CB8500CC0D95 /* CDTaskItemViewCell.xib */,
				0188543717FA20B00081FC30 /* HeaderView.xib */,
			);
			path = Xibs;
			sourceTree = "<group>";
		};
/* End PBXGroup section */

/* Begin PBXNativeTarget section */
		01BC368717E0D21700E3FB36 /* CheckItDone */ = {
			isa = PBXNativeTarget;
			buildConfigurationList = 01BC36BF17E0D21800E3FB36 /* Build configuration list for PBXNativeTarget "CheckItDone" */;
			buildPhases = (
				01BC368417E0D21700E3FB36 /* Sources */,
				01BC368517E0D21700E3FB36 /* Frameworks */,
				01BC368617E0D21700E3FB36 /* Resources */,
			);
			buildRules = (
			);
			dependencies = (
			);
			name = CheckItDone;
			productName = CheckItDone;
			productReference = 01BC368817E0D21800E3FB36 /* CheckItDone.app */;
			productType = "com.apple.product-type.application";
		};
/* End PBXNativeTarget section */

/* Begin PBXProject section */
		01BC368017E0D21700E3FB36 /* Project object */ = {
			isa = PBXProject;
			attributes = {
				CLASSPREFIX = CD;
				LastUpgradeCheck = 0460;
				ORGANIZATIONNAME = "Scott Richards";
				TargetAttributes = {
					01BC368717E0D21700E3FB36 = {
						DevelopmentTeam = KCL29RH4A8;
					};
				};
			};
			buildConfigurationList = 01BC368317E0D21700E3FB36 /* Build configuration list for PBXProject "CheckItDone" */;
			compatibilityVersion = "Xcode 3.2";
			developmentRegion = English;
			hasScannedForEncodings = 0;
			knownRegions = (
				en,
			);
			mainGroup = 01BC367F17E0D21700E3FB36;
			productRefGroup = 01BC368917E0D21800E3FB36 /* Products */;
			projectDirPath = "";
			projectRoot = "";
			targets = (
				01BC368717E0D21700E3FB36 /* CheckItDone */,
			);
		};
/* End PBXProject section */

/* Begin PBXResourcesBuildPhase section */
		01BC368617E0D21700E3FB36 /* Resources */ = {
			isa = PBXResourcesBuildPhase;
			buildActionMask = 2147483647;
			files = (
				01BC369617E0D21800E3FB36 /* InfoPlist.strings in Resources */,
				01BC369E17E0D21800E3FB36 /* Default.png in Resources */,
				01BC36A017E0D21800E3FB36 /* Default@2x.png in Resources */,
				01BC36A217E0D21800E3FB36 /* Default-568h@2x.png in Resources */,
				01BC36CE17E0E33F00E3FB36 /* first.png in Resources */,
				01BC36CF17E0E33F00E3FB36 /* first@2x.png in Resources */,
				01BC36D017E0E33F00E3FB36 /* second.png in Resources */,
				01BC36D117E0E33F00E3FB36 /* second@2x.png in Resources */,
				0188543917FA20B00081FC30 /* HeaderView.xib in Resources */,
				01EDFECF17FDC7F3009EFB32 /* CDTaskDetailViewController.xib in Resources */,
				016B7CF01801CB8500CC0D95 /* CDTaskItemViewCell.xib in Resources */,
				01946B70181588870041EA4B /* CDListNameViewController.xib in Resources */,
				01946B721815C8800041EA4B /* edit@2x.png in Resources */,
				01946B741815C8AB0041EA4B /* edit.png in Resources */,
				01C4088D18162BB8002260C7 /* CDDatePickerViewController.xib in Resources */,
				01C4088F18162EB9002260C7 /* Add@2x.png in Resources */,
				01C4089118162EEA002260C7 /* Edit_Pencil@2x.png in Resources */,
				01350103182D7B55001EF6E8 /* uicheckbox_checked.png in Resources */,
				01350104182D7B55001EF6E8 /* uicheckbox_checked@2x.png in Resources */,
				01350105182D7B55001EF6E8 /* uicheckbox_unchecked.png in Resources */,
				01350106182D7B55001EF6E8 /* uicheckbox_unchecked@2x.png in Resources */,
			);
			runOnlyForDeploymentPostprocessing = 0;
		};
/* End PBXResourcesBuildPhase section */

/* Begin PBXSourcesBuildPhase section */
		01BC368417E0D21700E3FB36 /* Sources */ = {
			isa = PBXSourcesBuildPhase;
			buildActionMask = 2147483647;
			files = (
				01BC369817E0D21800E3FB36 /* main.m in Sources */,
				01BC369C17E0D21800E3FB36 /* CDAppDelegate.m in Sources */,
				0188542717F9F3DD0081FC30 /* CDTableView.m in Sources */,
				0188542D17FA01D30081FC30 /* CDTableViewController.m in Sources */,
				0188543417FA03AF0081FC30 /* CDTaskStore.m in Sources */,
				01EDFECB17FDC7AA009EFB32 /* CDTaskDetailViewController.m in Sources */,
				0131985F17FE0E96000CFC07 /* CDDatePickerViewController.m in Sources */,
				016B7CF51801EB6D00CC0D95 /* CDTaskItemViewCell.m in Sources */,
				0168B8E5180784F700750A7F /* CDListViewController.m in Sources */,
				0168B8E8180785CD00750A7F /* CDListStore.m in Sources */,
				011288C0180EEEF500346C78 /* DataModel.xcdatamodeld in Sources */,
				011288C3180EF4ED00346C78 /* CDTask.m in Sources */,
				011288C618105B1B00346C78 /* CDDataModel.m in Sources */,
				011288CF1811CA5900346C78 /* CDList.m in Sources */,
				01946B6C181588410041EA4B /* CDListNameViewController.m in Sources */,
				01350109182D7B6F001EF6E8 /* UICheckbox.m in Sources */,
			);
			runOnlyForDeploymentPostprocessing = 0;
		};
/* End PBXSourcesBuildPhase section */

/* Begin PBXVariantGroup section */
		016B7CEE1801CB8500CC0D95 /* CDTaskItemViewCell.xib */ = {
			isa = PBXVariantGroup;
			children = (
				016B7CEF1801CB8500CC0D95 /* en */,
			);
			name = CDTaskItemViewCell.xib;
			sourceTree = "<group>";
		};
		0188543717FA20B00081FC30 /* HeaderView.xib */ = {
			isa = PBXVariantGroup;
			children = (
				0188543817FA20B00081FC30 /* en */,
			);
			name = HeaderView.xib;
			sourceTree = "<group>";
		};
		01946B6E181588870041EA4B /* CDListNameViewController.xib */ = {
			isa = PBXVariantGroup;
			children = (
				01946B6F181588870041EA4B /* en */,
			);
			name = CDListNameViewController.xib;
			sourceTree = "<group>";
		};
		01BC369417E0D21800E3FB36 /* InfoPlist.strings */ = {
			isa = PBXVariantGroup;
			children = (
				01BC369517E0D21800E3FB36 /* en */,
			);
			name = InfoPlist.strings;
			sourceTree = "<group>";
		};
		01C4088B18162BB8002260C7 /* CDDatePickerViewController.xib */ = {
			isa = PBXVariantGroup;
			children = (
				01C4088C18162BB8002260C7 /* en */,
			);
			name = CDDatePickerViewController.xib;
			sourceTree = "<group>";
		};
		01EDFECD17FDC7F3009EFB32 /* CDTaskDetailViewController.xib */ = {
			isa = PBXVariantGroup;
			children = (
				01EDFECE17FDC7F3009EFB32 /* en */,
			);
			name = CDTaskDetailViewController.xib;
			sourceTree = "<group>";
		};
/* End PBXVariantGroup section */

/* Begin XCBuildConfiguration section */
		01BC36BD17E0D21800E3FB36 /* Debug */ = {
			isa = XCBuildConfiguration;
			buildSettings = {
				ALWAYS_SEARCH_USER_PATHS = NO;
				CLANG_CXX_LANGUAGE_STANDARD = "gnu++0x";
				CLANG_CXX_LIBRARY = "libc++";
				CLANG_ENABLE_OBJC_ARC = YES;
				CLANG_WARN_CONSTANT_CONVERSION = YES;
				CLANG_WARN_EMPTY_BODY = YES;
				CLANG_WARN_ENUM_CONVERSION = YES;
				CLANG_WARN_INT_CONVERSION = YES;
				CLANG_WARN__DUPLICATE_METHOD_MATCH = YES;
				CODE_SIGN_IDENTITY = "iPhone Developer: Scott Richards (LSDP48E32L)";
				"CODE_SIGN_IDENTITY[sdk=iphoneos*]" = "iPhone Developer: Scott Richards (LSDP48E32L)";
				COPY_PHASE_STRIP = NO;
				GCC_C_LANGUAGE_STANDARD = gnu99;
				GCC_DYNAMIC_NO_PIC = NO;
				GCC_OPTIMIZATION_LEVEL = 0;
				GCC_PREPROCESSOR_DEFINITIONS = (
					"DEBUG=1",
					"$(inherited)",
				);
				GCC_SYMBOLS_PRIVATE_EXTERN = NO;
				GCC_WARN_ABOUT_RETURN_TYPE = YES;
				GCC_WARN_UNINITIALIZED_AUTOS = YES;
				GCC_WARN_UNUSED_VARIABLE = YES;
				IPHONEOS_DEPLOYMENT_TARGET = 6.1;
				ONLY_ACTIVE_ARCH = YES;
				PROVISIONING_PROFILE = "";
				"PROVISIONING_PROFILE[sdk=iphoneos*]" = "";
				SDKROOT = iphoneos;
				TARGETED_DEVICE_FAMILY = "1,2";
			};
			name = Debug;
		};
		01BC36BE17E0D21800E3FB36 /* Release */ = {
			isa = XCBuildConfiguration;
			buildSettings = {
				ALWAYS_SEARCH_USER_PATHS = NO;
				CLANG_CXX_LANGUAGE_STANDARD = "gnu++0x";
				CLANG_CXX_LIBRARY = "libc++";
				CLANG_ENABLE_OBJC_ARC = YES;
				CLANG_WARN_CONSTANT_CONVERSION = YES;
				CLANG_WARN_EMPTY_BODY = YES;
				CLANG_WARN_ENUM_CONVERSION = YES;
				CLANG_WARN_INT_CONVERSION = YES;
				CLANG_WARN__DUPLICATE_METHOD_MATCH = YES;
				"CODE_SIGN_IDENTITY[sdk=iphoneos*]" = "iPhone Developer";
				COPY_PHASE_STRIP = YES;
				GCC_C_LANGUAGE_STANDARD = gnu99;
				GCC_WARN_ABOUT_RETURN_TYPE = YES;
				GCC_WARN_UNINITIALIZED_AUTOS = YES;
				GCC_WARN_UNUSED_VARIABLE = YES;
				IPHONEOS_DEPLOYMENT_TARGET = 6.1;
				OTHER_CFLAGS = "-DNS_BLOCK_ASSERTIONS=1";
				SDKROOT = iphoneos;
				TARGETED_DEVICE_FAMILY = "1,2";
				VALIDATE_PRODUCT = YES;
			};
			name = Release;
		};
		01BC36C017E0D21800E3FB36 /* Debug */ = {
			isa = XCBuildConfiguration;
			buildSettings = {
				CODE_SIGN_IDENTITY = "iPhone Developer";
				"CODE_SIGN_IDENTITY[sdk=iphoneos*]" = "iPhone Developer";
				GCC_PRECOMPILE_PREFIX_HEADER = YES;
				GCC_PREFIX_HEADER = "CheckItDone/CheckItDone-Prefix.pch";
				INFOPLIST_FILE = "CheckItDone/CheckItDone-Info.plist";
				PRODUCT_NAME = "$(TARGET_NAME)";
				PROVISIONING_PROFILE = "";
				WRAPPER_EXTENSION = app;
			};
			name = Debug;
		};
		01BC36C117E0D21800E3FB36 /* Release */ = {
			isa = XCBuildConfiguration;
			buildSettings = {
				CODE_SIGN_IDENTITY = "iPhone Developer";
				"CODE_SIGN_IDENTITY[sdk=iphoneos*]" = "iPhone Developer";
				GCC_PRECOMPILE_PREFIX_HEADER = YES;
				GCC_PREFIX_HEADER = "CheckItDone/CheckItDone-Prefix.pch";
				INFOPLIST_FILE = "CheckItDone/CheckItDone-Info.plist";
				PRODUCT_NAME = "$(TARGET_NAME)";
				PROVISIONING_PROFILE = "";
				WRAPPER_EXTENSION = app;
			};
			name = Release;
		};
/* End XCBuildConfiguration section */

/* Begin XCConfigurationList section */
		01BC368317E0D21700E3FB36 /* Build configuration list for PBXProject "CheckItDone" */ = {
			isa = XCConfigurationList;
			buildConfigurations = (
				01BC36BD17E0D21800E3FB36 /* Debug */,
				01BC36BE17E0D21800E3FB36 /* Release */,
			);
			defaultConfigurationIsVisible = 0;
			defaultConfigurationName = Release;
		};
		01BC36BF17E0D21800E3FB36 /* Build configuration list for PBXNativeTarget "CheckItDone" */ = {
			isa = XCConfigurationList;
			buildConfigurations = (
				01BC36C017E0D21800E3FB36 /* Debug */,
				01BC36C117E0D21800E3FB36 /* Release */,
			);
			defaultConfigurationIsVisible = 0;
			defaultConfigurationName = Release;
		};
/* End XCConfigurationList section */

/* Begin XCVersionGroup section */
		011288BE180EEEF400346C78 /* DataModel.xcdatamodeld */ = {
			isa = XCVersionGroup;
			children = (
				011288BF180EEEF500346C78 /* DataModel.xcdatamodel */,
			);
			currentVersion = 011288BF180EEEF500346C78 /* DataModel.xcdatamodel */;
			path = DataModel.xcdatamodeld;
			sourceTree = "<group>";
			versionGroupType = wrapper.xcdatamodel;
		};
/* End XCVersionGroup section */
	};
	rootObject = 01BC368017E0D21700E3FB36 /* Project object */;
}
